Microsoft Visual Studio Solution File, Format Version 12.00
# Visual Studio Version 17
VisualStudioVersion = 17.5.33123.292
MinimumVisualStudioVersion = 10.0.40219.1
Project("{9A19103F-16F7-4668-BE54-9A1E7A4F7556}") = "sds", "sds\sds.csproj", "{A30744AF-6111-4EBD-8F18-B2CD13182B9A}"
EndProject
Project("{FAE04EC0-301F-11D3-BF4B-00C04F79EFBC}") = "Wpf", "DemoWpf\Wpf.csproj", "{FA8888B4-779F-41CF-8F4B-9DCB9E944BE7}"
EndProject
Project("{FAE04EC0-301F-11D3-BF4B-00C04F79EFBC}") = "ClassLibrary", "ClassLibrary\ClassLibrary.csproj", "{B87F8698-AC36-4B4A-9BFB-AA9556D5B4B3}"
EndProject
Project("{FAE04EC0-301F-11D3-BF4B-00C04F79EFBC}") = "WebMvc", "WebMvc\WebMvc.csproj", "{4CCD0997-FA9F-4706-B007-3453F3F50EA5}"
	ProjectSection(ProjectDependencies) = postProject
		{5EFD175D-67DD-4FB2-952F-70BFDB488C7D} = {5EFD175D-67DD-4FB2-952F-70BFDB488C7D}
	EndProjectSection
EndProject
Project("{FAE04EC0-301F-11D3-BF4B-00C04F79EFBC}") = "WindowsFormsApp", "WindowsFormsApp\WindowsFormsApp.csproj", "{13AC8DC0-2498-4FED-B85B-22B0BFE2FC5D}"
EndProject
Project("{F184B08F-C81C-45F6-A57F-5ABD9991F28F}") = "WebApplication1", "WebApplication1\WebApplication1.vbproj", "{A6A91813-47CC-4C71-AE39-CC51BE28DE6F}"
EndProject
Project("{9A19103F-16F7-4668-BE54-9A1E7A4F7556}") = "WebApplication2", "WebApplication2\WebApplication2.csproj", "{494AE7F8-8F6A-4D93-86EE-9816F3555634}"
EndProject
Project("{FAE04EC0-301F-11D3-BF4B-00C04F79EFBC}") = "ClassLibrary1", "ClassLibrary1\ClassLibrary1.csproj", "{D1DDF948-BCD7-4B5E-A135-E168FE71CCEB}"
EndProject
Project("{FAE04EC0-301F-11D3-BF4B-00C04F79EFBC}") = "ClassLibrary2", "ClassLibrary2\ClassLibrary2.csproj", "{F5F7DD62-6A74-4324-AF60-DFE94188A24A}"
EndProject
Project("{9A19103F-16F7-4668-BE54-9A1E7A4F7556}") = "WebMvcCoredsf", "WebMvcCoredsf\WebMvcCoredsf.csproj", "{EB5E0D3A-97B5-4354-9776-AB943552C99D}"
EndProject
Project("{9A19103F-16F7-4668-BE54-9A1E7A4F7556}") = "ClassLibraryCoresds", "ClassLibraryCoresds\ClassLibraryCoresds.csproj", "{5E758578-D797-4C02-AC51-67D4478C13F7}"
EndProject
Project("{778DAE3C-4631-46EA-AA77-85C1314464D9}") = "ConsoleApp1", "ConsoleApp1\ConsoleApp1.vbproj", "{C6CBF241-24D4-424D-9F6C-1F6B755402C8}"
EndProject
Project("{9A19103F-16F7-4668-BE54-9A1E7A4F7556}") = "MsTestProject", "MsTestProject\MsTestProject.csproj", "{5FEE34C4-B3DF-4DB6-8EA8-C6DD4E45B778}"
EndProject
Project("{9A19103F-16F7-4668-BE54-9A1E7A4F7556}") = "NUnitTestProject", "NUnitTestProject\NUnitTestProject.csproj", "{9AD1C84C-F8D0-4200-BB5E-3FFE16FCAB80}"
EndProject
Project("{9A19103F-16F7-4668-BE54-9A1E7A4F7556}") = "XUnitTestProject", "XUnitTestProject\XUnitTestProject.csproj", "{940BAB87-A35C-416E-9A85-45990BBD7522}"
EndProject
Project("{FAE04EC0-301F-11D3-BF4B-00C04F79EFBC}") = "ClassLibraryReference", "ClassLibraryReference\ClassLibraryReference.csproj", "{5EFD175D-67DD-4FB2-952F-70BFDB488C7D}"
EndProject
Global
	GlobalSection(SolutionConfigurationPlatforms) = preSolution
		Debug|Any CPU = Debug|Any CPU
		Release|Any CPU = Release|Any CPU
	EndGlobalSection
	GlobalSection(ProjectConfigurationPlatforms) = postSolution
		{A30744AF-6111-4EBD-8F18-B2CD13182B9A}.Debug|Any CPU.ActiveCfg = Debug|Any CPU
		{A30744AF-6111-4EBD-8F18-B2CD13182B9A}.Debug|Any CPU.Build.0 = Debug|Any CPU
		{A30744AF-6111-4EBD-8F18-B2CD13182B9A}.Release|Any CPU.ActiveCfg = Release|Any CPU
		{A30744AF-6111-4EBD-8F18-B2CD13182B9A}.Release|Any CPU.Build.0 = Release|Any CPU
		{FA8888B4-779F-41CF-8F4B-9DCB9E944BE7}.Debug|Any CPU.ActiveCfg = Debug|Any CPU
		{FA8888B4-779F-41CF-8F4B-9DCB9E944BE7}.Debug|Any CPU.Build.0 = Debug|Any CPU
		{FA8888B4-779F-41CF-8F4B-9DCB9E944BE7}.Release|Any CPU.ActiveCfg = Release|Any CPU
		{FA8888B4-779F-41CF-8F4B-9DCB9E944BE7}.Release|Any CPU.Build.0 = Release|Any CPU
		{B87F8698-AC36-4B4A-9BFB-AA9556D5B4B3}.Debug|Any CPU.ActiveCfg = Debug|Any CPU
		{B87F8698-AC36-4B4A-9BFB-AA9556D5B4B3}.Debug|Any CPU.Build.0 = Debug|Any CPU
		{B87F8698-AC36-4B4A-9BFB-AA9556D5B4B3}.Release|Any CPU.ActiveCfg = Release|Any CPU
		{B87F8698-AC36-4B4A-9BFB-AA9556D5B4B3}.Release|Any CPU.Build.0 = Release|Any CPU
		{4CCD0997-FA9F-4706-B007-3453F3F50EA5}.Debug|Any CPU.ActiveCfg = Debug|Any CPU
		{4CCD0997-FA9F-4706-B007-3453F3F50EA5}.Debug|Any CPU.Build.0 = Debug|Any CPU
		{4CCD0997-FA9F-4706-B007-3453F3F50EA5}.Release|Any CPU.ActiveCfg = Release|Any CPU
		{4CCD0997-FA9F-4706-B007-3453F3F50EA5}.Release|Any CPU.Build.0 = Release|Any CPU
		{13AC8DC0-2498-4FED-B85B-22B0BFE2FC5D}.Debug|Any CPU.ActiveCfg = Debug|Any CPU
		{13AC8DC0-2498-4FED-B85B-22B0BFE2FC5D}.Debug|Any CPU.Build.0 = Debug|Any CPU
		{13AC8DC0-2498-4FED-B85B-22B0BFE2FC5D}.Release|Any CPU.ActiveCfg = Release|Any CPU
		{13AC8DC0-2498-4FED-B85B-22B0BFE2FC5D}.Release|Any CPU.Build.0 = Release|Any CPU
		{A6A91813-47CC-4C71-AE39-CC51BE28DE6F}.Debug|Any CPU.ActiveCfg = Debug|Any CPU
		{A6A91813-47CC-4C71-AE39-CC51BE28DE6F}.Debug|Any CPU.Build.0 = Debug|Any CPU
		{A6A91813-47CC-4C71-AE39-CC51BE28DE6F}.Release|Any CPU.ActiveCfg = Release|Any CPU
		{A6A91813-47CC-4C71-AE39-CC51BE28DE6F}.Release|Any CPU.Build.0 = Release|Any CPU
		{494AE7F8-8F6A-4D93-86EE-9816F3555634}.Debug|Any CPU.ActiveCfg = Debug|Any CPU
		{494AE7F8-8F6A-4D93-86EE-9816F3555634}.Debug|Any CPU.Build.0 = Debug|Any CPU
		{494AE7F8-8F6A-4D93-86EE-9816F3555634}.Release|Any CPU.ActiveCfg = Release|Any CPU
		{494AE7F8-8F6A-4D93-86EE-9816F3555634}.Release|Any CPU.Build.0 = Release|Any CPU
		{D1DDF948-BCD7-4B5E-A135-E168FE71CCEB}.Debug|Any CPU.ActiveCfg = Debug|Any CPU
		{D1DDF948-BCD7-4B5E-A135-E168FE71CCEB}.Debug|Any CPU.Build.0 = Debug|Any CPU
		{D1DDF948-BCD7-4B5E-A135-E168FE71CCEB}.Release|Any CPU.ActiveCfg = Release|Any CPU
		{D1DDF948-BCD7-4B5E-A135-E168FE71CCEB}.Release|Any CPU.Build.0 = Release|Any CPU
		{F5F7DD62-6A74-4324-AF60-DFE94188A24A}.Debug|Any CPU.ActiveCfg = Debug|Any CPU
		{F5F7DD62-6A74-4324-AF60-DFE94188A24A}.Debug|Any CPU.Build.0 = Debug|Any CPU
		{F5F7DD62-6A74-4324-AF60-DFE94188A24A}.Release|Any CPU.ActiveCfg = Release|Any CPU
		{F5F7DD62-6A74-4324-AF60-DFE94188A24A}.Release|Any CPU.Build.0 = Release|Any CPU
		{EB5E0D3A-97B5-4354-9776-AB943552C99D}.Debug|Any CPU.ActiveCfg = Debug|Any CPU
		{EB5E0D3A-97B5-4354-9776-AB943552C99D}.Debug|Any CPU.Build.0 = Debug|Any CPU
		{EB5E0D3A-97B5-4354-9776-AB943552C99D}.Release|Any CPU.ActiveCfg = Release|Any CPU
		{EB5E0D3A-97B5-4354-9776-AB943552C99D}.Release|Any CPU.Build.0 = Release|Any CPU
		{5E758578-D797-4C02-AC51-67D4478C13F7}.Debug|Any CPU.ActiveCfg = Debug|Any CPU
		{5E758578-D797-4C02-AC51-67D4478C13F7}.Debug|Any CPU.Build.0 = Debug|Any CPU
		{5E758578-D797-4C02-AC51-67D4478C13F7}.Release|Any CPU.ActiveCfg = Release|Any CPU
		{5E758578-D797-4C02-AC51-67D4478C13F7}.Release|Any CPU.Build.0 = Release|Any CPU
		{C6CBF241-24D4-424D-9F6C-1F6B755402C8}.Debug|Any CPU.ActiveCfg = Debug|Any CPU
		{C6CBF241-24D4-424D-9F6C-1F6B755402C8}.Debug|Any CPU.Build.0 = Debug|Any CPU
		{C6CBF241-24D4-424D-9F6C-1F6B755402C8}.Release|Any CPU.ActiveCfg = Release|Any CPU
		{C6CBF241-24D4-424D-9F6C-1F6B755402C8}.Release|Any CPU.Build.0 = Release|Any CPU
		{5FEE34C4-B3DF-4DB6-8EA8-C6DD4E45B778}.Debug|Any CPU.ActiveCfg = Debug|Any CPU
		{5FEE34C4-B3DF-4DB6-8EA8-C6DD4E45B778}.Debug|Any CPU.Build.0 = Debug|Any CPU
		{5FEE34C4-B3DF-4DB6-8EA8-C6DD4E45B778}.Release|Any CPU.ActiveCfg = Release|Any CPU
		{5FEE34C4-B3DF-4DB6-8EA8-C6DD4E45B778}.Release|Any CPU.Build.0 = Release|Any CPU
		{9AD1C84C-F8D0-4200-BB5E-3FFE16FCAB80}.Debug|Any CPU.ActiveCfg = Debug|Any CPU
		{9AD1C84C-F8D0-4200-BB5E-3FFE16FCAB80}.Debug|Any CPU.Build.0 = Debug|Any CPU
		{9AD1C84C-F8D0-4200-BB5E-3FFE16FCAB80}.Release|Any CPU.ActiveCfg = Release|Any CPU
		{9AD1C84C-F8D0-4200-BB5E-3FFE16FCAB80}.Release|Any CPU.Build.0 = Release|Any CPU
		{940BAB87-A35C-416E-9A85-45990BBD7522}.Debug|Any CPU.ActiveCfg = Debug|Any CPU
		{940BAB87-A35C-416E-9A85-45990BBD7522}.Debug|Any CPU.Build.0 = Debug|Any CPU
		{940BAB87-A35C-416E-9A85-45990BBD7522}.Release|Any CPU.ActiveCfg = Release|Any CPU
		{940BAB87-A35C-416E-9A85-45990BBD7522}.Release|Any CPU.Build.0 = Release|Any CPU
		{5EFD175D-67DD-4FB2-952F-70BFDB488C7D}.Debug|Any CPU.ActiveCfg = Debug|Any CPU
		{5EFD175D-67DD-4FB2-952F-70BFDB488C7D}.Debug|Any CPU.Build.0 = Debug|Any CPU
		{5EFD175D-67DD-4FB2-952F-70BFDB488C7D}.Release|Any CPU.ActiveCfg = Release|Any CPU
		{5EFD175D-67DD-4FB2-952F-70BFDB488C7D}.Release|Any CPU.Build.0 = Release|Any CPU
	EndGlobalSection
	GlobalSection(SolutionProperties) = preSolution
		HideSolutionNode = FALSE
	EndGlobalSection
	GlobalSection(ExtensibilityGlobals) = postSolution
		SolutionGuid = {80EEE173-8963-4A50-BF77-9648D36E61EE}
	EndGlobalSection
EndGlobal
